%{"distillery": {:hex, :distillery, "1.0.0", "a866a72bf2a3a5f078f5a249017ed951acda88a760d200512f91f585d74db1ec", [:mix], []},
  "nerves": {:hex, :nerves, "0.4.0", "ea9f281f84573d3a3b060dbc1135bdcf6304cb87a23b7509187b949bfe1d9a52", [:mix], [{:distillery, "~> 1.0.0", [hex: :distillery, optional: false]}]},
  "nerves_system_br": {:hex, :nerves_system_br, "0.8.1", "86889f97719eae6ec243ba0b8f445a25cabc0463d2e9606293cb4033f2c6b9e4", [:mix], []},
  "nerves_toolchain_armv5tejl_unknown_linux_musleabi": {:hex, :nerves_toolchain_armv5tejl_unknown_linux_musleabi, "0.8.0", "3b11fd172953a11b774cd8321bbfd32e050bb79ccb3eacf73bb866263ae3b4f6", [:mix], [{:nerves, "~> 0.4.0", [hex: :nerves, optional: false]}, {:nerves_toolchain_ctng, "~> 0.8.0", [hex: :nerves_toolchain_ctng, optional: false]}]},
  "nerves_toolchain_ctng": {:hex, :nerves_toolchain_ctng, "0.8.0", "6dff7ed51e1711c5f4da3d559bc528a8265e3dd950dda95f4d6832aed9dbe320", [:mix], []}}
